// !$*UTF8*$!
{
	archiveVersion = 1;
	classes = {
	};
	objectVersion = 46;
	objects = {

/* Begin PBXBuildFile section */
		E271593F197C1534002EA7B1 /* AppDelegate.swift in Sources */ = {isa = PBXBuildFile; fileRef = E271593E197C1534002EA7B1 /* AppDelegate.swift */; };
		E2715941197C1534002EA7B1 /* ViewController.swift in Sources */ = {isa = PBXBuildFile; fileRef = E2715940197C1534002EA7B1 /* ViewController.swift */; };
		E2715944197C1534002EA7B1 /* Main.storyboard in Resources */ = {isa = PBXBuildFile; fileRef = E2715942197C1534002EA7B1 /* Main.storyboard */; };
		E2715946197C1534002EA7B1 /* Images.xcassets in Resources */ = {isa = PBXBuildFile; fileRef = E2715945197C1534002EA7B1 /* Images.xcassets */; };
		E2715952197C1534002EA7B1 /* LoginFormTests.swift in Sources */ = {isa = PBXBuildFile; fileRef = E2715951197C1534002EA7B1 /* LoginFormTests.swift */; };
/* End PBXBuildFile section */

/* Begin PBXContainerItemProxy section */
		E271594C197C1534002EA7B1 /* PBXContainerItemProxy */ = {
			isa = PBXContainerItemProxy;
			containerPortal = E2715931197C1534002EA7B1 /* Project object */;
			proxyType = 1;
			remoteGlobalIDString = E2715938197C1534002EA7B1;
			remoteInfo = LoginForm;
		};
/* End PBXContainerItemProxy section */

/* Begin PBXFileReference section */
		E2715939197C1534002EA7B1 /* LoginForm.app */ = {isa = PBXFileReference; explicitFileType = wrapper.application; includeInIndex = 0; path = LoginForm.app; sourceTree = BUILT_PRODUCTS_DIR; };
		E271593D197C1534002EA7B1 /* Info.plist */ = {isa = PBXFileReference; lastKnownFileType = text.plist.xml; path = Info.plist; sourceTree = "<group>"; };
		E271593E197C1534002EA7B1 /* AppDelegate.swift */ = {isa = PBXFileReference; lastKnownFileType = sourcecode.swift; path = AppDelegate.swift; sourceTree = "<group>"; };
		E2715940197C1534002EA7B1 /* ViewController.swift */ = {isa = PBXFileReference; lastKnownFileType = sourcecode.swift; path = ViewController.swift; sourceTree = "<group>"; };
		E2715943197C1534002EA7B1 /* Base */ = {isa = PBXFileReference; lastKnownFileType = file.storyboard; name = Base; path = Base.lproj/Main.storyboard; sourceTree = "<group>"; };
		E2715945197C1534002EA7B1 /* Images.xcassets */ = {isa = PBXFileReference; lastKnownFileType = folder.assetcatalog; path = Images.xcassets; sourceTree = "<group>"; };
		E271594B197C1534002EA7B1 /* LoginFormTests.xctest */ = {isa = PBXFileReference; explicitFileType = wrapper.cfbundle; includeInIndex = 0; path = LoginFormTests.xctest; sourceTree = BUILT_PRODUCTS_DIR; };
		E2715950197C1534002EA7B1 /* Info.plist */ = {isa = PBXFileReference; lastKnownFileType = text.plist.xml; path = Info.plist; sourceTree = "<group>"; };
		E2715951197C1534002EA7B1 /* LoginFormTests.swift */ = {isa = PBXFileReference; lastKnownFileType = sourcecode.swift; path = LoginFormTests.swift; sourceTree = "<group>"; };
/* End PBXFileReference section */

/* Begin PBXFrameworksBuildPhase section */
		E2715936197C1534002EA7B1 /* Frameworks */ = {
			isa = PBXFrameworksBuildPhase;
			buildActionMask = 2147483647;
			files = (
			);
			runOnlyForDeploymentPostprocessing = 0;
		};
		E2715948197C1534002EA7B1 /* Frameworks */ = {
			isa = PBXFrameworksBuildPhase;
			buildActionMask = 2147483647;
			files = (
			);
			runOnlyForDeploymentPostprocessing = 0;
		};
/* End PBXFrameworksBuildPhase section */

/* Begin PBXGroup section */
		E2715930197C1534002EA7B1 = {
			isa = PBXGroup;
			children = (
				E271593B197C1534002EA7B1 /* LoginForm */,
				E271594E197C1534002EA7B1 /* LoginFormTests */,
				E271593A197C1534002EA7B1 /* Products */,
			);
			sourceTree = "<group>";
		};
		E271593A197C1534002EA7B1 /* Products */ = {
			isa = PBXGroup;
			children = (
				E2715939197C1534002EA7B1 /* LoginForm.app */,
				E271594B197C1534002EA7B1 /* LoginFormTests.xctest */,
			);
			name = Products;
			sourceTree = "<group>";
		};
		E271593B197C1534002EA7B1 /* LoginForm */ = {
			isa = PBXGroup;
			children = (
				E271593E197C1534002EA7B1 /* AppDelegate.swift */,
				E2715940197C1534002EA7B1 /* ViewController.swift */,
				E2715942197C1534002EA7B1 /* Main.storyboard */,
				E2715945197C1534002EA7B1 /* Images.xcassets */,
				E271593C197C1534002EA7B1 /* Supporting Files */,
			);
			path = LoginForm;
			sourceTree = "<group>";
		};
		E271593C197C1534002EA7B1 /* Supporting Files */ = {
			isa = PBXGroup;
			children = (
				E271593D197C1534002EA7B1 /* Info.plist */,
			);
			name = "Supporting Files";
			sourceTree = "<group>";
		};
		E271594E197C1534002EA7B1 /* LoginFormTests */ = {
			isa = PBXGroup;
			children = (
				E2715951197C1534002EA7B1 /* LoginFormTests.swift */,
				E271594F197C1534002EA7B1 /* Supporting Files */,
			);
			path = LoginFormTests;
			sourceTree = "<group>";
		};
		E271594F197C1534002EA7B1 /* Supporting Files */ = {
			isa = PBXGroup;
			children = (
				E2715950197C1534002EA7B1 /* Info.plist */,
			);
			name = "Supporting Files";
			sourceTree = "<group>";
		};
/* End PBXGroup section */

/* Begin PBXNativeTarget section */
		E2715938197C1534002EA7B1 /* LoginForm */ = {
			isa = PBXNativeTarget;
			buildConfigurationList = E2715955197C1534002EA7B1 /* Build configuration list for PBXNativeTarget "LoginForm" */;
			buildPhases = (
				E2715935197C1534002EA7B1 /* Sources */,
				E2715936197C1534002EA7B1 /* Frameworks */,
				E2715937197C1534002EA7B1 /* Resources */,
			);
			buildRules = (
			);
			dependencies = (
			);
			name = LoginForm;
			productName = LoginForm;
			productReference = E2715939197C1534002EA7B1 /* LoginForm.app */;
			productType = "com.apple.product-type.application";
		};
		E271594A197C1534002EA7B1 /* LoginFormTests */ = {
			isa = PBXNativeTarget;
			buildConfigurationList = E2715958197C1534002EA7B1 /* Build configuration list for PBXNativeTarget "LoginFormTests" */;
			buildPhases = (
				E2715947197C1534002EA7B1 /* Sources */,
				E2715948197C1534002EA7B1 /* Frameworks */,
				E2715949197C1534002EA7B1 /* Resources */,
			);
			buildRules = (
			);
			dependencies = (
				E271594D197C1534002EA7B1 /* PBXTargetDependency */,
			);
			name = LoginFormTests;
			productName = LoginFormTests;
			productReference = E271594B197C1534002EA7B1 /* LoginFormTests.xctest */;
			productType = "com.apple.product-type.bundle.unit-test";
		};
/* End PBXNativeTarget section */

/* Begin PBXProject section */
		E2715931197C1534002EA7B1 /* Project object */ = {
			isa = PBXProject;
			attributes = {
				LastUpgradeCheck = 0600;
				ORGANIZATIONNAME = "Thomas Martin";
				TargetAttributes = {
					E2715938197C1534002EA7B1 = {
						CreatedOnToolsVersion = 6.0;
					};
					E271594A197C1534002EA7B1 = {
						CreatedOnToolsVersion = 6.0;
						TestTargetID = E2715938197C1534002EA7B1;
					};
				};
			};
			buildConfigurationList = E2715934197C1534002EA7B1 /* Build configuration list for PBXProject "LoginForm" */;
			compatibilityVersion = "Xcode 3.2";
			developmentRegion = English;
			hasScannedForEncodings = 0;
			knownRegions = (
				en,
				Base,
			);
			mainGroup = E2715930197C1534002EA7B1;
			productRefGroup = E271593A197C1534002EA7B1 /* Products */;
			projectDirPath = "";
			projectRoot = "";
			targets = (
				E2715938197C1534002EA7B1 /* LoginForm */,
				E271594A197C1534002EA7B1 /* LoginFormTests */,
			);
		};
/* End PBXProject section */

/* Begin PBXResourcesBuildPhase section */
		E2715937197C1534002EA7B1 /* Resources */ = {
			isa = PBXResourcesBuildPhase;
			buildActionMask = 2147483647;
			files = (
				E2715944197C1534002EA7B1 /* Main.storyboard in Resources */,
				E2715946197C1534002EA7B1 /* Images.xcassets in Resources */,
			);
			runOnlyForDeploymentPostprocessing = 0;
		};
		E2715949197C1534002EA7B1 /* Resources */ = {
			isa = PBXResourcesBuildPhase;
			buildActionMask = 2147483647;
			files = (
			);
			runOnlyForDeploymentPostprocessing = 0;
		};
/* End PBXResourcesBuildPhase section */

/* Begin PBXSourcesBuildPhase section */
		E2715935197C1534002EA7B1 /* Sources */ = {
			isa = PBXSourcesBuildPhase;
			buildActionMask = 2147483647;
			files = (
				E2715941197C1534002EA7B1 /* ViewController.swift in Sources */,
				E271593F197C1534002EA7B1 /* AppDelegate.swift in Sources */,
			);
			runOnlyForDeploymentPostprocessing = 0;
		};
		E2715947197C1534002EA7B1 /* Sources */ = {
			isa = PBXSourcesBuildPhase;
			buildActionMask = 2147483647;
			files = (
				E2715952197C1534002EA7B1 /* LoginFormTests.swift in Sources */,
			);
			runOnlyForDeploymentPostprocessing = 0;
		};
/* End PBXSourcesBuildPhase section */

/* Begin PBXTargetDependency section */
		E271594D197C1534002EA7B1 /* PBXTargetDependency */ = {
			isa = PBXTargetDependency;
			target = E2715938197C1534002EA7B1 /* LoginForm */;
			targetProxy = E271594C197C1534002EA7B1 /* PBXContainerItemProxy */;
		};
/* End PBXTargetDependency section */

/* Begin PBXVariantGroup section */
		E2715942197C1534002EA7B1 /* Main.storyboard */ = {
			isa = PBXVariantGroup;
			children = (
				E2715943197C1534002EA7B1 /* Base */,
			);
			name = Main.storyboard;
			sourceTree = "<group>";
		};
/* End PBXVariantGroup section */

/* Begin XCBuildConfiguration section */
		E2715953197C1534002EA7B1 /* Debug */ = {
			isa = XCBuildConfiguration;
			buildSettings = {
				ALWAYS_SEARCH_USER_PATHS = NO;
				CLANG_CXX_LANGUAGE_STANDARD = "gnu++0x";
				CLANG_CXX_LIBRARY = "libc++";
				CLANG_ENABLE_MODULES = YES;
				CLANG_ENABLE_OBJC_ARC = YES;
				CLANG_WARN_BOOL_CONVERSION = YES;
				CLANG_WARN_CONSTANT_CONVERSION = YES;
				CLANG_WARN_DIRECT_OBJC_ISA_USAGE = YES_ERROR;
				CLANG_WARN_EMPTY_BODY = YES;
				CLANG_WARN_ENUM_CONVERSION = YES;
				CLANG_WARN_INT_CONVERSION = YES;
				CLANG_WARN_OBJC_ROOT_CLASS = YES_ERROR;
				CLANG_WARN_UNREACHABLE_CODE = YES;
				CLANG_WARN__DUPLICATE_METHOD_MATCH = YES;
				"CODE_SIGN_IDENTITY[sdk=iphoneos*]" = "iPhone Developer";
				COPY_PHASE_STRIP = NO;
				ENABLE_STRICT_OBJC_MSGSEND = YES;
				GCC_C_LANGUAGE_STANDARD = gnu99;
				GCC_DYNAMIC_NO_PIC = NO;
				GCC_OPTIMIZATION_LEVEL = 0;
				GCC_PREPROCESSOR_DEFINITIONS = (
					"DEBUG=1",
					"$(inherited)",
				);
				GCC_SYMBOLS_PRIVATE_EXTERN = NO;
				GCC_WARN_64_TO_32_BIT_CONVERSION = YES;
				GCC_WARN_ABOUT_RETURN_TYPE = YES_ERROR;
				GCC_WARN_UNDECLARED_SELECTOR = YES;
				GCC_WARN_UNINITIALIZED_AUTOS = YES_AGGRESSIVE;
				GCC_WARN_UNUSED_FUNCTION = YES;
				GCC_WARN_UNUSED_VARIABLE = YES;
				IPHONEOS_DEPLOYMENT_TARGET = 8.0;
				MTL_ENABLE_DEBUG_INFO = YES;
				ONLY_ACTIVE_ARCH = YES;
				SDKROOT = iphoneos;
				SWIFT_OPTIMIZATION_LEVEL = "-Onone";
			};
			name = Debug;
		};
		E2715954197C1534002EA7B1 /* Release */ = {
			isa = XCBuildConfiguration;
			buildSettings = {
				ALWAYS_SEARCH_USER_PATHS = NO;
				CLANG_CXX_LANGUAGE_STANDARD = "gnu++0x";
				CLANG_CXX_LIBRARY = "libc++";
				CLANG_ENABLE_MODULES = YES;
				CLANG_ENABLE_OBJC_ARC = YES;
				CLANG_WARN_BOOL_CONVERSION = YES;
				CLANG_WARN_CONSTANT_CONVERSION = YES;
				CLANG_WARN_DIRECT_OBJC_ISA_USAGE = YES_ERROR;
				CLANG_WARN_EMPTY_BODY = YES;
				CLANG_WARN_ENUM_CONVERSION = YES;
				CLANG_WARN_INT_CONVERSION = YES;
				CLANG_WARN_OBJC_ROOT_CLASS = YES_ERROR;
				CLANG_WARN_UNREACHABLE_CODE = YES;
				CLANG_WARN__DUPLICATE_METHOD_MATCH = YES;
				"CODE_SIGN_IDENTITY[sdk=iphoneos*]" = "iPhone Developer";
				COPY_PHASE_STRIP = YES;
				ENABLE_NS_ASSERTIONS = NO;
				ENABLE_STRICT_OBJC_MSGSEND = YES;
				GCC_C_LANGUAGE_STANDARD = gnu99;
				GCC_WARN_64_TO_32_BIT_CONVERSION = YES;
				GCC_WARN_ABOUT_RETURN_TYPE = YES_ERROR;
				GCC_WARN_UNDECLARED_SELECTOR = YES;
				GCC_WARN_UNINITIALIZED_AUTOS = YES_AGGRESSIVE;
				GCC_WARN_UNUSED_FUNCTION = YES;
				GCC_WARN_UNUSED_VARIABLE = YES;
				IPHONEOS_DEPLOYMENT_TARGET = 8.0;
				MTL_ENABLE_DEBUG_INFO = NO;
				SDKROOT = iphoneos;
				VALIDATE_PRODUCT = YES;
			};
			name = Release;
		};
		E2715956197C1534002EA7B1 /* Debug */ = {
			isa = XCBuildConfiguration;
			buildSettings = {
				ASSETCATALOG_COMPILER_APPICON_NAME = AppIcon;
				ASSETCATALOG_COMPILER_LAUNCHIMAGE_NAME = LaunchImage;
				INFOPLIST_FILE = LoginForm/Info.plist;
				LD_RUNPATH_SEARCH_PATHS = "$(inherited) @executable_path/Frameworks";
				PRODUCT_NAME = "$(TARGET_NAME)";
			};
			name = Debug;
		};
		E2715957197C1534002EA7B1 /* Release */ = {
			isa = XCBuildConfiguration;
			buildSettings = {
				ASSETCATALOG_COMPILER_APPICON_NAME = AppIcon;
				ASSETCATALOG_COMPILER_LAUNCHIMAGE_NAME = LaunchImage;
				INFOPLIST_FILE = LoginForm/Info.plist;
				LD_RUNPATH_SEARCH_PATHS = "$(inherited) @executable_path/Frameworks";
				PRODUCT_NAME = "$(TARGET_NAME)";
			};
			name = Release;
		};
		E2715959197C1534002EA7B1 /* Debug */ = {
			isa = XCBuildConfiguration;
			buildSettings = {
				BUNDLE_LOADER = "$(BUILT_PRODUCTS_DIR)/LoginForm.app/LoginForm";
				FRAMEWORK_SEARCH_PATHS = (
					"$(SDKROOT)/Developer/Library/Frameworks",
					"$(inherited)",
				);
				GCC_PREPROCESSOR_DEFINITIONS = (
					"DEBUG=1",
					"$(inherited)",
				);
				INFOPLIST_FILE = LoginFormTests/Info.plist;
				LD_RUNPATH_SEARCH_PATHS = "$(inherited) @executable_path/Frameworks @loader_path/Frameworks";
				PRODUCT_NAME = "$(TARGET_NAME)";
				TEST_HOST = "$(BUNDLE_LOADER)";
			};
			name = Debug;
		};
		E271595A197C1534002EA7B1 /* Release */ = {
			isa = XCBuildConfiguration;
			buildSettings = {
				BUNDLE_LOADER = "$(BUILT_PRODUCTS_DIR)/LoginForm.app/LoginForm";
				FRAMEWORK_SEARCH_PATHS = (
					"$(SDKROOT)/Developer/Library/Frameworks",
					"$(inherited)",
				);
				INFOPLIST_FILE = LoginFormTests/Info.plist;
				LD_RUNPATH_SEARCH_PATHS = "$(inherited) @executable_path/Frameworks @loader_path/Frameworks";
				PRODUCT_NAME = "$(TARGET_NAME)";
				TEST_HOST = "$(BUNDLE_LOADER)";
			};
			name = Release;
		};
/* End XCBuildConfiguration section */

/* Begin XCConfigurationList section */
		E2715934197C1534002EA7B1 /* Build configuration list for PBXProject "LoginForm" */ = {
			isa = XCConfigurationList;
			buildConfigurations = (
				E2715953197C1534002EA7B1 /* Debug */,
				E2715954197C1534002EA7B1 /* Release */,
			);
			defaultConfigurationIsVisible = 0;
			defaultConfigurationName = Release;
		};
		E2715955197C1534002EA7B1 /* Build configuration list for PBXNativeTarget "LoginForm" */ = {
			isa = XCConfigurationList;
			buildConfigurations = (
				E2715956197C1534002EA7B1 /* Debug */,
				E2715957197C1534002EA7B1 /* Release */,
			);
			defaultConfigurationIsVisible = 0;
		};
		E2715958197C1534002EA7B1 /* Build configuration list for PBXNativeTarget "LoginFormTests" */ = {
			isa = XCConfigurationList;
			buildConfigurations = (
				E2715959197C1534002EA7B1 /* Debug */,
				E271595A197C1534002EA7B1 /* Release */,
			);
			defaultConfigurationIsVisible = 0;
		};
/* End XCConfigurationList section */
	};
	rootObject = E2715931197C1534002EA7B1 /* Project object */;
}
